
Microsoft Visual Studio Solution File, Format Version 12.00
# Visual Studio Version 18
VisualStudioVersion = 18.2.11415.280
MinimumVisualStudioVersion = 10.0.40219.1
Project("{2150E333-8FDC-42A3-9474-1A3956D46DE8}") = "Solution Items", "Solution Items", "{90150B24-0F40-41BB-95EF-D95F50BF06BE}"
	ProjectSection(SolutionItems) = preProject
		.gitattributes = .gitattributes
		.gitignore = .gitignore
		.gitmodules = .gitmodules
		Apache.Calcite.EntityFrameworkCore.dist.msbuildproj = Apache.Calcite.EntityFrameworkCore.dist.msbuildproj
		.github\workflows\Apache.Calcite.EntityFrameworkCore.yml = .github\workflows\Apache.Calcite.EntityFrameworkCore.yml
		Directory.Build.props = Directory.Build.props
		Directory.Build.targets = Directory.Build.targets
		GitVersion.yml = GitVersion.yml
		global.json = global.json
		icon.png = icon.png
		LICENSE.txt = LICENSE.txt
		README.md = README.md
	EndProjectSection
EndProject
Project("{9A19103F-16F7-4668-BE54-9A1E7A4F7556}") = "Apache.Calcite.EntityFrameworkCore", "src\Apache.Calcite.EntityFrameworkCore\Apache.Calcite.EntityFrameworkCore.csproj", "{A530E839-619D-4F2D-9C70-540305CB2142}"
EndProject
Project("{FAE04EC0-301F-11D3-BF4B-00C04F79EFBC}") = "Apache.Calcite.EntityFrameworkCore.Tests", "src\Apache.Calcite.EntityFrameworkCore.Tests\Apache.Calcite.EntityFrameworkCore.Tests.csproj", "{FF657FD5-7AD6-8169-08D8-4E9FE551BDAC}"
EndProject
Project("{FAE04EC0-301F-11D3-BF4B-00C04F79EFBC}") = "dist-tests", "src\dist-tests\dist-tests.csproj", "{7C6C49A0-4163-9D76-65CA-78087A255429}"
EndProject
Project("{FAE04EC0-301F-11D3-BF4B-00C04F79EFBC}") = "dist-nuget", "src\dist-nuget\dist-nuget.csproj", "{52D4FE86-2EB0-A77A-A7E9-A6F41ACB229F}"
EndProject
Project("{2150E333-8FDC-42A3-9474-1A3956D46DE8}") = "src", "src", "{02EA681E-C7D8-13C7-8484-4AC65E1B71E8}"
EndProject
Project("{2150E333-8FDC-42A3-9474-1A3956D46DE8}") = "dist", "dist", "{3523028E-CB46-4932-9E3A-D87BA69E2139}"
EndProject
Project("{FAE04EC0-301F-11D3-BF4B-00C04F79EFBC}") = "Apache.Calcite.EntityFrameworkCore.FunctionalTests", "src\Apache.Calcite.EntityFrameworkCore.FunctionalTests\Apache.Calcite.EntityFrameworkCore.FunctionalTests.csproj", "{89A94FFC-BF4E-4058-8031-88B06227DEB7}"
EndProject
Project("{FAE04EC0-301F-11D3-BF4B-00C04F79EFBC}") = "Apache.Calcite.EntityFrameworkCore.Adapter", "src\Apache.Calcite.EntityFrameworkCore.Adapter\Apache.Calcite.EntityFrameworkCore.Adapter.csproj", "{668B016C-961B-4C55-B345-6138A8D91723}"
EndProject
Project("{FAE04EC0-301F-11D3-BF4B-00C04F79EFBC}") = "Apache.Calcite.EntityFrameworkCore.Adapter.Tests", "src\Apache.Calcite.EntityFrameworkCore.Adapter.Tests\Apache.Calcite.EntityFrameworkCore.Adapter.Tests.csproj", "{DBD9CC69-C18F-63B0-7488-5F28254F453C}"
EndProject
Project("{FAE04EC0-301F-11D3-BF4B-00C04F79EFBC}") = "Apache.Calcite.HotChocolateSample", "src\Apache.Calcite.HotChocolateSample\Apache.Calcite.HotChocolateSample.csproj", "{86AE3871-E117-4B1D-8FD8-5AF6D6093883}"
EndProject
Global
	GlobalSection(SolutionConfigurationPlatforms) = preSolution
		Debug|Any CPU = Debug|Any CPU
		Release|Any CPU = Release|Any CPU
	EndGlobalSection
	GlobalSection(ProjectConfigurationPlatforms) = postSolution
		{A530E839-619D-4F2D-9C70-540305CB2142}.Debug|Any CPU.ActiveCfg = Debug|Any CPU
		{A530E839-619D-4F2D-9C70-540305CB2142}.Debug|Any CPU.Build.0 = Debug|Any CPU
		{A530E839-619D-4F2D-9C70-540305CB2142}.Release|Any CPU.ActiveCfg = Release|Any CPU
		{A530E839-619D-4F2D-9C70-540305CB2142}.Release|Any CPU.Build.0 = Release|Any CPU
		{FF657FD5-7AD6-8169-08D8-4E9FE551BDAC}.Debug|Any CPU.ActiveCfg = Debug|Any CPU
		{FF657FD5-7AD6-8169-08D8-4E9FE551BDAC}.Debug|Any CPU.Build.0 = Debug|Any CPU
		{FF657FD5-7AD6-8169-08D8-4E9FE551BDAC}.Release|Any CPU.ActiveCfg = Release|Any CPU
		{FF657FD5-7AD6-8169-08D8-4E9FE551BDAC}.Release|Any CPU.Build.0 = Release|Any CPU
		{7C6C49A0-4163-9D76-65CA-78087A255429}.Debug|Any CPU.ActiveCfg = Debug|Any CPU
		{7C6C49A0-4163-9D76-65CA-78087A255429}.Debug|Any CPU.Build.0 = Debug|Any CPU
		{7C6C49A0-4163-9D76-65CA-78087A255429}.Release|Any CPU.ActiveCfg = Release|Any CPU
		{7C6C49A0-4163-9D76-65CA-78087A255429}.Release|Any CPU.Build.0 = Release|Any CPU
		{52D4FE86-2EB0-A77A-A7E9-A6F41ACB229F}.Debug|Any CPU.ActiveCfg = Debug|Any CPU
		{52D4FE86-2EB0-A77A-A7E9-A6F41ACB229F}.Debug|Any CPU.Build.0 = Debug|Any CPU
		{52D4FE86-2EB0-A77A-A7E9-A6F41ACB229F}.Release|Any CPU.ActiveCfg = Release|Any CPU
		{52D4FE86-2EB0-A77A-A7E9-A6F41ACB229F}.Release|Any CPU.Build.0 = Release|Any CPU
		{89A94FFC-BF4E-4058-8031-88B06227DEB7}.Debug|Any CPU.ActiveCfg = Debug|Any CPU
		{89A94FFC-BF4E-4058-8031-88B06227DEB7}.Debug|Any CPU.Build.0 = Debug|Any CPU
		{89A94FFC-BF4E-4058-8031-88B06227DEB7}.Release|Any CPU.ActiveCfg = Release|Any CPU
		{89A94FFC-BF4E-4058-8031-88B06227DEB7}.Release|Any CPU.Build.0 = Release|Any CPU
		{668B016C-961B-4C55-B345-6138A8D91723}.Debug|Any CPU.ActiveCfg = Debug|Any CPU
		{668B016C-961B-4C55-B345-6138A8D91723}.Debug|Any CPU.Build.0 = Debug|Any CPU
		{668B016C-961B-4C55-B345-6138A8D91723}.Release|Any CPU.ActiveCfg = Release|Any CPU
		{668B016C-961B-4C55-B345-6138A8D91723}.Release|Any CPU.Build.0 = Release|Any CPU
		{DBD9CC69-C18F-63B0-7488-5F28254F453C}.Debug|Any CPU.ActiveCfg = Debug|Any CPU
		{DBD9CC69-C18F-63B0-7488-5F28254F453C}.Debug|Any CPU.Build.0 = Debug|Any CPU
		{DBD9CC69-C18F-63B0-7488-5F28254F453C}.Release|Any CPU.ActiveCfg = Release|Any CPU
		{DBD9CC69-C18F-63B0-7488-5F28254F453C}.Release|Any CPU.Build.0 = Release|Any CPU
		{86AE3871-E117-4B1D-8FD8-5AF6D6093883}.Debug|Any CPU.ActiveCfg = Debug|Any CPU
		{86AE3871-E117-4B1D-8FD8-5AF6D6093883}.Debug|Any CPU.Build.0 = Debug|Any CPU
		{86AE3871-E117-4B1D-8FD8-5AF6D6093883}.Release|Any CPU.ActiveCfg = Release|Any CPU
		{86AE3871-E117-4B1D-8FD8-5AF6D6093883}.Release|Any CPU.Build.0 = Release|Any CPU
	EndGlobalSection
	GlobalSection(SolutionProperties) = preSolution
		HideSolutionNode = FALSE
	EndGlobalSection
	GlobalSection(NestedProjects) = preSolution
		{A530E839-619D-4F2D-9C70-540305CB2142} = {02EA681E-C7D8-13C7-8484-4AC65E1B71E8}
		{FF657FD5-7AD6-8169-08D8-4E9FE551BDAC} = {02EA681E-C7D8-13C7-8484-4AC65E1B71E8}
		{7C6C49A0-4163-9D76-65CA-78087A255429} = {3523028E-CB46-4932-9E3A-D87BA69E2139}
		{52D4FE86-2EB0-A77A-A7E9-A6F41ACB229F} = {3523028E-CB46-4932-9E3A-D87BA69E2139}
		{3523028E-CB46-4932-9E3A-D87BA69E2139} = {02EA681E-C7D8-13C7-8484-4AC65E1B71E8}
		{89A94FFC-BF4E-4058-8031-88B06227DEB7} = {02EA681E-C7D8-13C7-8484-4AC65E1B71E8}
		{668B016C-961B-4C55-B345-6138A8D91723} = {02EA681E-C7D8-13C7-8484-4AC65E1B71E8}
		{DBD9CC69-C18F-63B0-7488-5F28254F453C} = {02EA681E-C7D8-13C7-8484-4AC65E1B71E8}
		{86AE3871-E117-4B1D-8FD8-5AF6D6093883} = {02EA681E-C7D8-13C7-8484-4AC65E1B71E8}
	EndGlobalSection
	GlobalSection(ExtensibilityGlobals) = postSolution
		SolutionGuid = {A03ACB78-6C3F-4E09-BAF1-16E41D5A3945}
	EndGlobalSection
EndGlobal
